{
  "name": "resume",
  "version": "1.0.0",
  "lockfileVersion": 1,
  "requires": true,
  "dependencies": {
    "font-awesome": {
      "version": "4.7.0",
      "resolved": "https://registry.npmjs.org/font-awesome/-/font-awesome-4.7.0.tgz",
      "integrity": "sha1-j6jPBBGhoxr9B7BtKQK7n8gVoTM="
    },
    "font-awesome-animation": {
      "version": "0.1.0",
      "resolved": "https://registry.npmjs.org/font-awesome-animation/-/font-awesome-animation-0.1.0.tgz",
      "integrity": "sha1-3D4whDZs7eLmB6Y6qdXfdLO1ISw="
    },
    "owl-carousel-2": {
      "version": "0.0.3",
      "resolved": "https://registry.npmjs.org/owl-carousel-2/-/owl-carousel-2-0.0.3.tgz",
      "integrity": "sha1-SLFpIMZnadzkS2Ws86DhccIIHyk="
    }
  }
}
